{
  "requires": true,
  "lockfileVersion": 1,
  "dependencies": {
    "vfonts": {
      "version": "0.1.0",
      "resolved": "https://registry.npmjs.org/vfonts/-/vfonts-0.1.0.tgz",
      "integrity": "sha512-vQBcvntBlnAPonAkGNM8iJ9NxE3PucA+V2W95xiN75YJKxirLJvOws2kEyOEO45T4N+YTbQOCR2m77Y05pfVhQ==",
      "dev": true
    }
  }
}
